
Microsoft Visual Studio Solution File, Format Version 12.00
# Visual Studio Version 16
VisualStudioVersion = 16.0.30907.101
MinimumVisualStudioVersion = 10.0.40219.1
Project("{FAE04EC0-301F-11D3-BF4B-00C04F79EFBC}") = "FrTp", "FrTp\FrTp.csproj", "{AF369E88-45F3-48B0-824B-50AF60F219C9}"
EndProject
Global
	GlobalSection(SolutionConfigurationPlatforms) = preSolution
		Debug|Any CPU = Debug|Any CPU
		Release|Any CPU = Release|Any CPU
	EndGlobalSection
	GlobalSection(ProjectConfigurationPlatforms) = postSolution
		{AF369E88-45F3-48B0-824B-50AF60F219C9}.Debug|Any CPU.ActiveCfg = Debug|Any CPU
		{AF369E88-45F3-48B0-824B-50AF60F219C9}.Debug|Any CPU.Build.0 = Debug|Any CPU
		{AF369E88-45F3-48B0-824B-50AF60F219C9}.Release|Any CPU.ActiveCfg = Release|Any CPU
		{AF369E88-45F3-48B0-824B-50AF60F219C9}.Release|Any CPU.Build.0 = Release|Any CPU
	EndGlobalSection
	GlobalSection(SolutionProperties) = preSolution
		HideSolutionNode = FALSE
	EndGlobalSection
	GlobalSection(ExtensibilityGlobals) = postSolution
		SolutionGuid = {62250F12-7477-453D-A65A-EC0B3B9EC977}
	EndGlobalSection
EndGlobal
